
Microsoft Visual Studio Solution File, Format Version 12.00
# Visual Studio 2012
Project("{FAE04EC0-301F-11D3-BF4B-00C04F79EFBC}") = "ELib", "ELib\ELib.csproj", "{8A4C4963-4721-4EAB-9606-3DD4EAD3C598}"
EndProject
Global
	GlobalSection(SolutionConfigurationPlatforms) = preSolution
		Debug|x86 = Debug|x86
		Release|x86 = Release|x86
	EndGlobalSection
	GlobalSection(ProjectConfigurationPlatforms) = postSolution
		{8A4C4963-4721-4EAB-9606-3DD4EAD3C598}.Debug|x86.ActiveCfg = Debug|Any CPU
		{8A4C4963-4721-4EAB-9606-3DD4EAD3C598}.Debug|x86.Build.0 = Debug|Any CPU
		{8A4C4963-4721-4EAB-9606-3DD4EAD3C598}.Release|x86.ActiveCfg = Release|Any CPU
		{8A4C4963-4721-4EAB-9606-3DD4EAD3C598}.Release|x86.Build.0 = Release|Any CPU
	EndGlobalSection
EndGlobal
